
Microsoft Visual Studio Solution File, Format Version 12.00
# Visual Studio Express 2012 for Windows Desktop
Project("{FAE04EC0-301F-11D3-BF4B-00C04F79EFBC}") = "Hola_Mundo_Forms", "Hola_Mundo_Forms\Hola_Mundo_Forms.csproj", "{D7A0D107-3365-4FF5-ABA5-BD983EEB7B30}"
EndProject
Global
	GlobalSection(SolutionConfigurationPlatforms) = preSolution
		Debug|Any CPU = Debug|Any CPU
		Release|Any CPU = Release|Any CPU
	EndGlobalSection
	GlobalSection(ProjectConfigurationPlatforms) = postSolution
		{D7A0D107-3365-4FF5-ABA5-BD983EEB7B30}.Debug|Any CPU.ActiveCfg = Debug|Any CPU
		{D7A0D107-3365-4FF5-ABA5-BD983EEB7B30}.Debug|Any CPU.Build.0 = Debug|Any CPU
		{D7A0D107-3365-4FF5-ABA5-BD983EEB7B30}.Release|Any CPU.ActiveCfg = Release|Any CPU
		{D7A0D107-3365-4FF5-ABA5-BD983EEB7B30}.Release|Any CPU.Build.0 = Release|Any CPU
	EndGlobalSection
	GlobalSection(SolutionProperties) = preSolution
		HideSolutionNode = FALSE
	EndGlobalSection
EndGlobal
