
Microsoft Visual Studio Solution File, Format Version 12.00
# Visual Studio 15
VisualStudioVersion = 15.0.28010.2050
MinimumVisualStudioVersion = 10.0.40219.1
Project("{FAE04EC0-301F-11D3-BF4B-00C04F79EFBC}") = "MiniCrudRazor", "MiniCrudRazor\MiniCrudRazor.csproj", "{A67F8CDF-7FF4-4E0F-98EB-A0194A5A12F2}"
EndProject
Global
	GlobalSection(SolutionConfigurationPlatforms) = preSolution
		Debug|Any CPU = Debug|Any CPU
		Release|Any CPU = Release|Any CPU
	EndGlobalSection
	GlobalSection(ProjectConfigurationPlatforms) = postSolution
		{A67F8CDF-7FF4-4E0F-98EB-A0194A5A12F2}.Debug|Any CPU.ActiveCfg = Debug|Any CPU
		{A67F8CDF-7FF4-4E0F-98EB-A0194A5A12F2}.Debug|Any CPU.Build.0 = Debug|Any CPU
		{A67F8CDF-7FF4-4E0F-98EB-A0194A5A12F2}.Release|Any CPU.ActiveCfg = Release|Any CPU
		{A67F8CDF-7FF4-4E0F-98EB-A0194A5A12F2}.Release|Any CPU.Build.0 = Release|Any CPU
	EndGlobalSection
	GlobalSection(SolutionProperties) = preSolution
		HideSolutionNode = FALSE
	EndGlobalSection
	GlobalSection(ExtensibilityGlobals) = postSolution
		SolutionGuid = {D8ADBDC9-CE2A-4058-8FC6-0F293D612A7F}
	EndGlobalSection
EndGlobal
