
Microsoft Visual Studio Solution File, Format Version 12.00
# Visual Studio 14
VisualStudioVersion = 14.0.23107.0
MinimumVisualStudioVersion = 10.0.40219.1
Project("{FAE04EC0-301F-11D3-BF4B-00C04F79EFBC}") = "AccesoBDCSharp", "AccesoBDCSharp\AccesoBDCSharp.csproj", "{84B2C97D-F2C4-4BDE-AC2C-D41E08B50BDF}"
EndProject
Global
	GlobalSection(SolutionConfigurationPlatforms) = preSolution
		Debug|Any CPU = Debug|Any CPU
		Release|Any CPU = Release|Any CPU
	EndGlobalSection
	GlobalSection(ProjectConfigurationPlatforms) = postSolution
		{84B2C97D-F2C4-4BDE-AC2C-D41E08B50BDF}.Debug|Any CPU.ActiveCfg = Debug|Any CPU
		{84B2C97D-F2C4-4BDE-AC2C-D41E08B50BDF}.Debug|Any CPU.Build.0 = Debug|Any CPU
		{84B2C97D-F2C4-4BDE-AC2C-D41E08B50BDF}.Release|Any CPU.ActiveCfg = Release|Any CPU
		{84B2C97D-F2C4-4BDE-AC2C-D41E08B50BDF}.Release|Any CPU.Build.0 = Release|Any CPU
	EndGlobalSection
	GlobalSection(SolutionProperties) = preSolution
		HideSolutionNode = FALSE
	EndGlobalSection
EndGlobal
