
Microsoft Visual Studio Solution File, Format Version 12.00
# Visual Studio 15
VisualStudioVersion = 15.0.27004.2009
MinimumVisualStudioVersion = 10.0.40219.1
Project("{FAE04EC0-301F-11D3-BF4B-00C04F79EFBC}") = "MVCEF", "MVCEF\MVCEF.csproj", "{5B274DE6-74F6-4F09-8D1A-459B2F6A38B0}"
EndProject
Global
	GlobalSection(SolutionConfigurationPlatforms) = preSolution
		Debug|Any CPU = Debug|Any CPU
		Release|Any CPU = Release|Any CPU
	EndGlobalSection
	GlobalSection(ProjectConfigurationPlatforms) = postSolution
		{5B274DE6-74F6-4F09-8D1A-459B2F6A38B0}.Debug|Any CPU.ActiveCfg = Debug|Any CPU
		{5B274DE6-74F6-4F09-8D1A-459B2F6A38B0}.Debug|Any CPU.Build.0 = Debug|Any CPU
		{5B274DE6-74F6-4F09-8D1A-459B2F6A38B0}.Release|Any CPU.ActiveCfg = Release|Any CPU
		{5B274DE6-74F6-4F09-8D1A-459B2F6A38B0}.Release|Any CPU.Build.0 = Release|Any CPU
	EndGlobalSection
	GlobalSection(SolutionProperties) = preSolution
		HideSolutionNode = FALSE
	EndGlobalSection
	GlobalSection(ExtensibilityGlobals) = postSolution
		SolutionGuid = {B88A6A9C-0145-4DD4-AC19-B96ABC65A0B3}
	EndGlobalSection
EndGlobal
