
Microsoft Visual Studio Solution File, Format Version 12.00
# Visual Studio Version 17
VisualStudioVersion = 17.10.34916.146
MinimumVisualStudioVersion = 10.0.40219.1
Project("{FAE04EC0-301F-11D3-BF4B-00C04F79EFBC}") = "ClienteWebApiConsola", "ClienteWebApiConsola.csproj", "{848FF95C-D5A3-48B9-A4DC-BA9B8B7C96B1}"
EndProject
Global
	GlobalSection(SolutionConfigurationPlatforms) = preSolution
		Debug|Any CPU = Debug|Any CPU
		Release|Any CPU = Release|Any CPU
	EndGlobalSection
	GlobalSection(ProjectConfigurationPlatforms) = postSolution
		{848FF95C-D5A3-48B9-A4DC-BA9B8B7C96B1}.Debug|Any CPU.ActiveCfg = Debug|Any CPU
		{848FF95C-D5A3-48B9-A4DC-BA9B8B7C96B1}.Debug|Any CPU.Build.0 = Debug|Any CPU
		{848FF95C-D5A3-48B9-A4DC-BA9B8B7C96B1}.Release|Any CPU.ActiveCfg = Release|Any CPU
		{848FF95C-D5A3-48B9-A4DC-BA9B8B7C96B1}.Release|Any CPU.Build.0 = Release|Any CPU
	EndGlobalSection
	GlobalSection(SolutionProperties) = preSolution
		HideSolutionNode = FALSE
	EndGlobalSection
	GlobalSection(ExtensibilityGlobals) = postSolution
		SolutionGuid = {B27D8C42-41AC-4E86-BA92-B50783B22370}
	EndGlobalSection
EndGlobal
