
Microsoft Visual Studio Solution File, Format Version 12.00
# Visual Studio Version 17
VisualStudioVersion = 17.10.34916.146
MinimumVisualStudioVersion = 10.0.40219.1
Project("{FAE04EC0-301F-11D3-BF4B-00C04F79EFBC}") = "miBlazorApp", "miBlazorApp\miBlazorApp.csproj", "{4E589A5E-4816-4D36-A5BA-0DC90615088E}"
EndProject
Project("{FAE04EC0-301F-11D3-BF4B-00C04F79EFBC}") = "miBlazorApp.Client", "miBlazorApp.Client\miBlazorApp.Client.csproj", "{DDB688FB-13D7-431E-B33D-EC145A9FB049}"
EndProject
Global
	GlobalSection(SolutionConfigurationPlatforms) = preSolution
		Debug|Any CPU = Debug|Any CPU
		Release|Any CPU = Release|Any CPU
	EndGlobalSection
	GlobalSection(ProjectConfigurationPlatforms) = postSolution
		{4E589A5E-4816-4D36-A5BA-0DC90615088E}.Debug|Any CPU.ActiveCfg = Debug|Any CPU
		{4E589A5E-4816-4D36-A5BA-0DC90615088E}.Debug|Any CPU.Build.0 = Debug|Any CPU
		{4E589A5E-4816-4D36-A5BA-0DC90615088E}.Release|Any CPU.ActiveCfg = Release|Any CPU
		{4E589A5E-4816-4D36-A5BA-0DC90615088E}.Release|Any CPU.Build.0 = Release|Any CPU
		{DDB688FB-13D7-431E-B33D-EC145A9FB049}.Debug|Any CPU.ActiveCfg = Debug|Any CPU
		{DDB688FB-13D7-431E-B33D-EC145A9FB049}.Debug|Any CPU.Build.0 = Debug|Any CPU
		{DDB688FB-13D7-431E-B33D-EC145A9FB049}.Release|Any CPU.ActiveCfg = Release|Any CPU
		{DDB688FB-13D7-431E-B33D-EC145A9FB049}.Release|Any CPU.Build.0 = Release|Any CPU
	EndGlobalSection
	GlobalSection(SolutionProperties) = preSolution
		HideSolutionNode = FALSE
	EndGlobalSection
	GlobalSection(ExtensibilityGlobals) = postSolution
		SolutionGuid = {CD107CC0-D62B-47FC-A861-DA6FB5760369}
	EndGlobalSection
EndGlobal
