
Microsoft Visual Studio Solution File, Format Version 12.00
# Visual Studio 2013
VisualStudioVersion = 12.0.31101.0
MinimumVisualStudioVersion = 10.0.40219.1
Project("{FAE04EC0-301F-11D3-BF4B-00C04F79EFBC}") = "MVC3_DB", "MVC3_CSharp\MVC3_DB.csproj", "{759785AD-A127-4114-B331-6815A281899A}"
EndProject
Global
	GlobalSection(SolutionConfigurationPlatforms) = preSolution
		Debug|Any CPU = Debug|Any CPU
		Release|Any CPU = Release|Any CPU
	EndGlobalSection
	GlobalSection(ProjectConfigurationPlatforms) = postSolution
		{759785AD-A127-4114-B331-6815A281899A}.Debug|Any CPU.ActiveCfg = Debug|Any CPU
		{759785AD-A127-4114-B331-6815A281899A}.Debug|Any CPU.Build.0 = Debug|Any CPU
		{759785AD-A127-4114-B331-6815A281899A}.Release|Any CPU.ActiveCfg = Release|Any CPU
		{759785AD-A127-4114-B331-6815A281899A}.Release|Any CPU.Build.0 = Release|Any CPU
	EndGlobalSection
	GlobalSection(SolutionProperties) = preSolution
		HideSolutionNode = FALSE
	EndGlobalSection
EndGlobal
