
Microsoft Visual Studio Solution File, Format Version 12.00
# Visual Studio 15
VisualStudioVersion = 15.0.27004.2005
MinimumVisualStudioVersion = 10.0.40219.1
Project("{FAE04EC0-301F-11D3-BF4B-00C04F79EFBC}") = "introLinq", "introLinq\introLinq.csproj", "{D0AF76C0-D009-415E-9F47-A50BDAC9923A}"
EndProject
Global
	GlobalSection(SolutionConfigurationPlatforms) = preSolution
		Debug|Any CPU = Debug|Any CPU
		Release|Any CPU = Release|Any CPU
	EndGlobalSection
	GlobalSection(ProjectConfigurationPlatforms) = postSolution
		{D0AF76C0-D009-415E-9F47-A50BDAC9923A}.Debug|Any CPU.ActiveCfg = Debug|Any CPU
		{D0AF76C0-D009-415E-9F47-A50BDAC9923A}.Debug|Any CPU.Build.0 = Debug|Any CPU
		{D0AF76C0-D009-415E-9F47-A50BDAC9923A}.Release|Any CPU.ActiveCfg = Release|Any CPU
		{D0AF76C0-D009-415E-9F47-A50BDAC9923A}.Release|Any CPU.Build.0 = Release|Any CPU
	EndGlobalSection
	GlobalSection(SolutionProperties) = preSolution
		HideSolutionNode = FALSE
	EndGlobalSection
	GlobalSection(ExtensibilityGlobals) = postSolution
		SolutionGuid = {B5922FD1-AD4F-496F-A8BE-D03B3DAEF679}
	EndGlobalSection
EndGlobal
