
Microsoft Visual Studio Solution File, Format Version 12.00
# Visual Studio Version 17
VisualStudioVersion = 17.10.35013.160
MinimumVisualStudioVersion = 10.0.40219.1
Project("{FAE04EC0-301F-11D3-BF4B-00C04F79EFBC}") = "BlazorEntityFrameworkDB", "BlazorEntityFrameworkDB\BlazorEntityFrameworkDB.csproj", "{C1A7D488-24DE-4803-8361-0E6FB92B5D0E}"
EndProject
Project("{FAE04EC0-301F-11D3-BF4B-00C04F79EFBC}") = "BlazorEntityFrameworkDB.Client", "BlazorEntityFrameworkDB.Client\BlazorEntityFrameworkDB.Client.csproj", "{15379613-5283-40DB-BF0D-4D3437C27498}"
EndProject
Global
	GlobalSection(SolutionConfigurationPlatforms) = preSolution
		Debug|Any CPU = Debug|Any CPU
		Release|Any CPU = Release|Any CPU
	EndGlobalSection
	GlobalSection(ProjectConfigurationPlatforms) = postSolution
		{C1A7D488-24DE-4803-8361-0E6FB92B5D0E}.Debug|Any CPU.ActiveCfg = Debug|Any CPU
		{C1A7D488-24DE-4803-8361-0E6FB92B5D0E}.Debug|Any CPU.Build.0 = Debug|Any CPU
		{C1A7D488-24DE-4803-8361-0E6FB92B5D0E}.Release|Any CPU.ActiveCfg = Release|Any CPU
		{C1A7D488-24DE-4803-8361-0E6FB92B5D0E}.Release|Any CPU.Build.0 = Release|Any CPU
		{15379613-5283-40DB-BF0D-4D3437C27498}.Debug|Any CPU.ActiveCfg = Debug|Any CPU
		{15379613-5283-40DB-BF0D-4D3437C27498}.Debug|Any CPU.Build.0 = Debug|Any CPU
		{15379613-5283-40DB-BF0D-4D3437C27498}.Release|Any CPU.ActiveCfg = Release|Any CPU
		{15379613-5283-40DB-BF0D-4D3437C27498}.Release|Any CPU.Build.0 = Release|Any CPU
	EndGlobalSection
	GlobalSection(SolutionProperties) = preSolution
		HideSolutionNode = FALSE
	EndGlobalSection
	GlobalSection(ExtensibilityGlobals) = postSolution
		SolutionGuid = {5D6A8C2E-FDBC-4BA6-B708-2A6F834AF3E1}
	EndGlobalSection
EndGlobal
