
Microsoft Visual Studio Solution File, Format Version 12.00
# Visual Studio Express 2012 for Windows Desktop
Project("{FAE04EC0-301F-11D3-BF4B-00C04F79EFBC}") = "Hola_Mundo_Consola", "Hola_Mundo_Consola\Hola_Mundo_Consola.csproj", "{0AE7A9EE-8FF8-4CF5-BF06-FDCE3FC8599A}"
EndProject
Global
	GlobalSection(SolutionConfigurationPlatforms) = preSolution
		Debug|Any CPU = Debug|Any CPU
		Release|Any CPU = Release|Any CPU
	EndGlobalSection
	GlobalSection(ProjectConfigurationPlatforms) = postSolution
		{0AE7A9EE-8FF8-4CF5-BF06-FDCE3FC8599A}.Debug|Any CPU.ActiveCfg = Debug|Any CPU
		{0AE7A9EE-8FF8-4CF5-BF06-FDCE3FC8599A}.Debug|Any CPU.Build.0 = Debug|Any CPU
		{0AE7A9EE-8FF8-4CF5-BF06-FDCE3FC8599A}.Release|Any CPU.ActiveCfg = Release|Any CPU
		{0AE7A9EE-8FF8-4CF5-BF06-FDCE3FC8599A}.Release|Any CPU.Build.0 = Release|Any CPU
	EndGlobalSection
	GlobalSection(SolutionProperties) = preSolution
		HideSolutionNode = FALSE
	EndGlobalSection
EndGlobal
