
Microsoft Visual Studio Solution File, Format Version 12.00
# Visual Studio Express 2012 for Windows Desktop
Project("{FAE04EC0-301F-11D3-BF4B-00C04F79EFBC}") = "Hola_Mundo_Forms_2", "Hola_Mundo_Forms_2\Hola_Mundo_Forms_2.csproj", "{D1D7DD32-5D1D-44B9-A72A-9FE52CF2CCC1}"
EndProject
Global
	GlobalSection(SolutionConfigurationPlatforms) = preSolution
		Debug|Any CPU = Debug|Any CPU
		Release|Any CPU = Release|Any CPU
	EndGlobalSection
	GlobalSection(ProjectConfigurationPlatforms) = postSolution
		{D1D7DD32-5D1D-44B9-A72A-9FE52CF2CCC1}.Debug|Any CPU.ActiveCfg = Debug|Any CPU
		{D1D7DD32-5D1D-44B9-A72A-9FE52CF2CCC1}.Debug|Any CPU.Build.0 = Debug|Any CPU
		{D1D7DD32-5D1D-44B9-A72A-9FE52CF2CCC1}.Release|Any CPU.ActiveCfg = Release|Any CPU
		{D1D7DD32-5D1D-44B9-A72A-9FE52CF2CCC1}.Release|Any CPU.Build.0 = Release|Any CPU
	EndGlobalSection
	GlobalSection(SolutionProperties) = preSolution
		HideSolutionNode = FALSE
	EndGlobalSection
EndGlobal
